// !$*UTF8*$!
{
	archiveVersion = 1;
	classes = {
	};
	objectVersion = 56;
	objects = {

/* Begin PBXBuildFile section */
		DF00078428F35CBB00C992B4 /* SettingsView.swift in Sources */ = {isa = PBXBuildFile; fileRef = DF00078328F35CBB00C992B4 /* SettingsView.swift */; };
		DF16AF3729042CEF0015DBB1 /* MainViewModel+Hotkeys.swift in Sources */ = {isa = PBXBuildFile; fileRef = DF16AF3629042CEF0015DBB1 /* MainViewModel+Hotkeys.swift */; };
		DF16AF3929042D130015DBB1 /* MainViewModel+Folder.swift in Sources */ = {isa = PBXBuildFile; fileRef = DF16AF3829042D130015DBB1 /* MainViewModel+Folder.swift */; };
		DF16AF3B29042D350015DBB1 /* MainViewModel+Playback.swift in Sources */ = {isa = PBXBuildFile; fileRef = DF16AF3A29042D350015DBB1 /* MainViewModel+Playback.swift */; };
		DF16AF3D29042DA00015DBB1 /* MainViewModel+Video.swift in Sources */ = {isa = PBXBuildFile; fileRef = DF16AF3C29042DA00015DBB1 /* MainViewModel+Video.swift */; };
		DF3217FD28E615EA00FD3B8E /* Video.swift in Sources */ = {isa = PBXBuildFile; fileRef = DF3217FC28E615EA00FD3B8E /* Video.swift */; };
		DF3B66E928EB0294005DBFE6 /* SwiftUIKeyPress in Frameworks */ = {isa = PBXBuildFile; productRef = DF3B66E828EB0294005DBFE6 /* SwiftUIKeyPress */; };
		DFBD905128F2BAAD0049114B /* String+Subscript.swift in Sources */ = {isa = PBXBuildFile; fileRef = DFBD905028F2BAAD0049114B /* String+Subscript.swift */; };
		DFF020BB28E23D7F0025C485 /* VideoPlayerApp.swift in Sources */ = {isa = PBXBuildFile; fileRef = DFF020BA28E23D7F0025C485 /* VideoPlayerApp.swift */; };
		DFF020BD28E23D7F0025C485 /* ContentView.swift in Sources */ = {isa = PBXBuildFile; fileRef = DFF020BC28E23D7F0025C485 /* ContentView.swift */; };
		DFF020BF28E23D800025C485 /* Assets.xcassets in Resources */ = {isa = PBXBuildFile; fileRef = DFF020BE28E23D800025C485 /* Assets.xcassets */; };
		DFF020C228E23D800025C485 /* Preview Assets.xcassets in Resources */ = {isa = PBXBuildFile; fileRef = DFF020C128E23D800025C485 /* Preview Assets.xcassets */; };
		DFF020CA28E3904B0025C485 /* MainViewModel.swift in Sources */ = {isa = PBXBuildFile; fileRef = DFF020C928E3904B0025C485 /* MainViewModel.swift */; };
		DFF020CC28E390780025C485 /* Config.swift in Sources */ = {isa = PBXBuildFile; fileRef = DFF020CB28E390780025C485 /* Config.swift */; };
		DFF020CE28E390B40025C485 /* Bookmarks.swift in Sources */ = {isa = PBXBuildFile; fileRef = DFF020CD28E390B40025C485 /* Bookmarks.swift */; };
		DFF020D028E390CE0025C485 /* PlayerView.swift in Sources */ = {isa = PBXBuildFile; fileRef = DFF020CF28E390CE0025C485 /* PlayerView.swift */; };
		DFF020D228E390E40025C485 /* URL+isVideo.swift in Sources */ = {isa = PBXBuildFile; fileRef = DFF020D128E390E40025C485 /* URL+isVideo.swift */; };
		DFF020D428E42EF50025C485 /* ButtonStyle+Scale.swift in Sources */ = {isa = PBXBuildFile; fileRef = DFF020D328E42EF50025C485 /* ButtonStyle+Scale.swift */; };
/* End PBXBuildFile section */

/* Begin PBXFileReference section */
		DF00078328F35CBB00C992B4 /* SettingsView.swift */ = {isa = PBXFileReference; lastKnownFileType = sourcecode.swift; path = SettingsView.swift; sourceTree = "<group>"; };
		DF16AF3629042CEF0015DBB1 /* MainViewModel+Hotkeys.swift */ = {isa = PBXFileReference; lastKnownFileType = sourcecode.swift; path = "MainViewModel+Hotkeys.swift"; sourceTree = "<group>"; };
		DF16AF3829042D130015DBB1 /* MainViewModel+Folder.swift */ = {isa = PBXFileReference; lastKnownFileType = sourcecode.swift; path = "MainViewModel+Folder.swift"; sourceTree = "<group>"; };
		DF16AF3A29042D350015DBB1 /* MainViewModel+Playback.swift */ = {isa = PBXFileReference; lastKnownFileType = sourcecode.swift; path = "MainViewModel+Playback.swift"; sourceTree = "<group>"; };
		DF16AF3C29042DA00015DBB1 /* MainViewModel+Video.swift */ = {isa = PBXFileReference; lastKnownFileType = sourcecode.swift; path = "MainViewModel+Video.swift"; sourceTree = "<group>"; };
		DF3217FC28E615EA00FD3B8E /* Video.swift */ = {isa = PBXFileReference; lastKnownFileType = sourcecode.swift; path = Video.swift; sourceTree = "<group>"; };
		DFBD905028F2BAAD0049114B /* String+Subscript.swift */ = {isa = PBXFileReference; lastKnownFileType = sourcecode.swift; path = "String+Subscript.swift"; sourceTree = "<group>"; };
		DFF020B728E23D7F0025C485 /* VideoPlayer.app */ = {isa = PBXFileReference; explicitFileType = wrapper.application; includeInIndex = 0; path = VideoPlayer.app; sourceTree = BUILT_PRODUCTS_DIR; };
		DFF020BA28E23D7F0025C485 /* VideoPlayerApp.swift */ = {isa = PBXFileReference; lastKnownFileType = sourcecode.swift; path = VideoPlayerApp.swift; sourceTree = "<group>"; };
		DFF020BC28E23D7F0025C485 /* ContentView.swift */ = {isa = PBXFileReference; lastKnownFileType = sourcecode.swift; path = ContentView.swift; sourceTree = "<group>"; };
		DFF020BE28E23D800025C485 /* Assets.xcassets */ = {isa = PBXFileReference; lastKnownFileType = folder.assetcatalog; path = Assets.xcassets; sourceTree = "<group>"; };
		DFF020C128E23D800025C485 /* Preview Assets.xcassets */ = {isa = PBXFileReference; lastKnownFileType = folder.assetcatalog; path = "Preview Assets.xcassets"; sourceTree = "<group>"; };
		DFF020C328E23D800025C485 /* VideoPlayer.entitlements */ = {isa = PBXFileReference; lastKnownFileType = text.plist.entitlements; path = VideoPlayer.entitlements; sourceTree = "<group>"; };
		DFF020C928E3904B0025C485 /* MainViewModel.swift */ = {isa = PBXFileReference; lastKnownFileType = sourcecode.swift; path = MainViewModel.swift; sourceTree = "<group>"; };
		DFF020CB28E390780025C485 /* Config.swift */ = {isa = PBXFileReference; lastKnownFileType = sourcecode.swift; path = Config.swift; sourceTree = "<group>"; };
		DFF020CD28E390B40025C485 /* Bookmarks.swift */ = {isa = PBXFileReference; lastKnownFileType = sourcecode.swift; path = Bookmarks.swift; sourceTree = "<group>"; };
		DFF020CF28E390CE0025C485 /* PlayerView.swift */ = {isa = PBXFileReference; lastKnownFileType = sourcecode.swift; path = PlayerView.swift; sourceTree = "<group>"; };
		DFF020D128E390E40025C485 /* URL+isVideo.swift */ = {isa = PBXFileReference; lastKnownFileType = sourcecode.swift; path = "URL+isVideo.swift"; sourceTree = "<group>"; };
		DFF020D328E42EF50025C485 /* ButtonStyle+Scale.swift */ = {isa = PBXFileReference; lastKnownFileType = sourcecode.swift; path = "ButtonStyle+Scale.swift"; sourceTree = "<group>"; };
/* End PBXFileReference section */

/* Begin PBXFrameworksBuildPhase section */
		DFF020B428E23D7F0025C485 /* Frameworks */ = {
			isa = PBXFrameworksBuildPhase;
			buildActionMask = 2147483647;
			files = (
				DF3B66E928EB0294005DBFE6 /* SwiftUIKeyPress in Frameworks */,
			);
			runOnlyForDeploymentPostprocessing = 0;
		};
/* End PBXFrameworksBuildPhase section */

/* Begin PBXGroup section */
		DF16AF3529042CC50015DBB1 /* MainViewModel */ = {
			isa = PBXGroup;
			children = (
				DFF020C928E3904B0025C485 /* MainViewModel.swift */,
				DF16AF3629042CEF0015DBB1 /* MainViewModel+Hotkeys.swift */,
				DF16AF3829042D130015DBB1 /* MainViewModel+Folder.swift */,
				DF16AF3A29042D350015DBB1 /* MainViewModel+Playback.swift */,
				DF16AF3C29042DA00015DBB1 /* MainViewModel+Video.swift */,
			);
			path = MainViewModel;
			sourceTree = "<group>";
		};
		DF3217FE28E615F300FD3B8E /* Models */ = {
			isa = PBXGroup;
			children = (
				DF3217FC28E615EA00FD3B8E /* Video.swift */,
				DFF020CB28E390780025C485 /* Config.swift */,
			);
			path = Models;
			sourceTree = "<group>";
		};
		DF3217FF28E6160800FD3B8E /* Extensions */ = {
			isa = PBXGroup;
			children = (
				DFF020D128E390E40025C485 /* URL+isVideo.swift */,
				DFF020D328E42EF50025C485 /* ButtonStyle+Scale.swift */,
				DFBD905028F2BAAD0049114B /* String+Subscript.swift */,
			);
			path = Extensions;
			sourceTree = "<group>";
		};
		DF32180028E6162500FD3B8E /* Utilities */ = {
			isa = PBXGroup;
			children = (
				DFF020CD28E390B40025C485 /* Bookmarks.swift */,
			);
			path = Utilities;
			sourceTree = "<group>";
		};
		DF32180128E6163E00FD3B8E /* Views */ = {
			isa = PBXGroup;
			children = (
				DFF020BC28E23D7F0025C485 /* ContentView.swift */,
				DFF020CF28E390CE0025C485 /* PlayerView.swift */,
				DF00078328F35CBB00C992B4 /* SettingsView.swift */,
			);
			path = Views;
			sourceTree = "<group>";
		};
		DF32180228E6164A00FD3B8E /* ViewModels */ = {
			isa = PBXGroup;
			children = (
				DF16AF3529042CC50015DBB1 /* MainViewModel */,
			);
			path = ViewModels;
			sourceTree = "<group>";
		};
		DFF020AE28E23D7F0025C485 = {
			isa = PBXGroup;
			children = (
				DFF020B928E23D7F0025C485 /* VideoPlayer */,
				DFF020B828E23D7F0025C485 /* Products */,
			);
			sourceTree = "<group>";
		};
		DFF020B828E23D7F0025C485 /* Products */ = {
			isa = PBXGroup;
			children = (
				DFF020B728E23D7F0025C485 /* VideoPlayer.app */,
			);
			name = Products;
			sourceTree = "<group>";
		};
		DFF020B928E23D7F0025C485 /* VideoPlayer */ = {
			isa = PBXGroup;
			children = (
				DFF020C028E23D800025C485 /* Preview Content */,
				DFF020BE28E23D800025C485 /* Assets.xcassets */,
				DFF020C328E23D800025C485 /* VideoPlayer.entitlements */,
				DFF020BA28E23D7F0025C485 /* VideoPlayerApp.swift */,
				DF3217FE28E615F300FD3B8E /* Models */,
				DF32180128E6163E00FD3B8E /* Views */,
				DF32180228E6164A00FD3B8E /* ViewModels */,
				DF32180028E6162500FD3B8E /* Utilities */,
				DF3217FF28E6160800FD3B8E /* Extensions */,
			);
			path = VideoPlayer;
			sourceTree = "<group>";
		};
		DFF020C028E23D800025C485 /* Preview Content */ = {
			isa = PBXGroup;
			children = (
				DFF020C128E23D800025C485 /* Preview Assets.xcassets */,
			);
			path = "Preview Content";
			sourceTree = "<group>";
		};
/* End PBXGroup section */

/* Begin PBXNativeTarget section */
		DFF020B628E23D7F0025C485 /* VideoPlayer */ = {
			isa = PBXNativeTarget;
			buildConfigurationList = DFF020C628E23D800025C485 /* Build configuration list for PBXNativeTarget "VideoPlayer" */;
			buildPhases = (
				DFF020B328E23D7F0025C485 /* Sources */,
				DFF020B428E23D7F0025C485 /* Frameworks */,
				DFF020B528E23D7F0025C485 /* Resources */,
			);
			buildRules = (
			);
			dependencies = (
			);
			name = VideoPlayer;
			packageProductDependencies = (
				DF3B66E828EB0294005DBFE6 /* SwiftUIKeyPress */,
			);
			productName = VideoPlayer;
			productReference = DFF020B728E23D7F0025C485 /* VideoPlayer.app */;
			productType = "com.apple.product-type.application";
		};
/* End PBXNativeTarget section */

/* Begin PBXProject section */
		DFF020AF28E23D7F0025C485 /* Project object */ = {
			isa = PBXProject;
			attributes = {
				BuildIndependentTargetsInParallel = 1;
				LastSwiftUpdateCheck = 1410;
				LastUpgradeCheck = 1410;
				TargetAttributes = {
					DFF020B628E23D7F0025C485 = {
						CreatedOnToolsVersion = 14.1;
					};
				};
			};
			buildConfigurationList = DFF020B228E23D7F0025C485 /* Build configuration list for PBXProject "VideoPlayer" */;
			compatibilityVersion = "Xcode 14.0";
			developmentRegion = en;
			hasScannedForEncodings = 0;
			knownRegions = (
				en,
				Base,
			);
			mainGroup = DFF020AE28E23D7F0025C485;
			packageReferences = (
				DF3B66E728EB0294005DBFE6 /* XCRemoteSwiftPackageReference "SwiftUIKeyPress" */,
			);
			productRefGroup = DFF020B828E23D7F0025C485 /* Products */;
			projectDirPath = "";
			projectRoot = "";
			targets = (
				DFF020B628E23D7F0025C485 /* VideoPlayer */,
			);
		};
/* End PBXProject section */

/* Begin PBXResourcesBuildPhase section */
		DFF020B528E23D7F0025C485 /* Resources */ = {
			isa = PBXResourcesBuildPhase;
			buildActionMask = 2147483647;
			files = (
				DFF020C228E23D800025C485 /* Preview Assets.xcassets in Resources */,
				DFF020BF28E23D800025C485 /* Assets.xcassets in Resources */,
			);
			runOnlyForDeploymentPostprocessing = 0;
		};
/* End PBXResourcesBuildPhase section */

/* Begin PBXSourcesBuildPhase section */
		DFF020B328E23D7F0025C485 /* Sources */ = {
			isa = PBXSourcesBuildPhase;
			buildActionMask = 2147483647;
			files = (
				DF16AF3B29042D350015DBB1 /* MainViewModel+Playback.swift in Sources */,
				DFF020CA28E3904B0025C485 /* MainViewModel.swift in Sources */,
				DFF020CE28E390B40025C485 /* Bookmarks.swift in Sources */,
				DF16AF3929042D130015DBB1 /* MainViewModel+Folder.swift in Sources */,
				DFF020D428E42EF50025C485 /* ButtonStyle+Scale.swift in Sources */,
				DFF020CC28E390780025C485 /* Config.swift in Sources */,
				DF16AF3D29042DA00015DBB1 /* MainViewModel+Video.swift in Sources */,
				DFF020BD28E23D7F0025C485 /* ContentView.swift in Sources */,
				DF16AF3729042CEF0015DBB1 /* MainViewModel+Hotkeys.swift in Sources */,
				DFF020D228E390E40025C485 /* URL+isVideo.swift in Sources */,
				DFF020BB28E23D7F0025C485 /* VideoPlayerApp.swift in Sources */,
				DFF020D028E390CE0025C485 /* PlayerView.swift in Sources */,
				DFBD905128F2BAAD0049114B /* String+Subscript.swift in Sources */,
				DF3217FD28E615EA00FD3B8E /* Video.swift in Sources */,
				DF00078428F35CBB00C992B4 /* SettingsView.swift in Sources */,
			);
			runOnlyForDeploymentPostprocessing = 0;
		};
/* End PBXSourcesBuildPhase section */

/* Begin XCBuildConfiguration section */
		DFF020C428E23D800025C485 /* Debug */ = {
			isa = XCBuildConfiguration;
			buildSettings = {
				ALWAYS_SEARCH_USER_PATHS = NO;
				CLANG_ANALYZER_NONNULL = YES;
				CLANG_ANALYZER_NUMBER_OBJECT_CONVERSION = YES_AGGRESSIVE;
				CLANG_CXX_LANGUAGE_STANDARD = "gnu++20";
				CLANG_ENABLE_MODULES = YES;
				CLANG_ENABLE_OBJC_ARC = YES;
				CLANG_ENABLE_OBJC_WEAK = YES;
				CLANG_WARN_BLOCK_CAPTURE_AUTORELEASING = YES;
				CLANG_WARN_BOOL_CONVERSION = YES;
				CLANG_WARN_COMMA = YES;
				CLANG_WARN_CONSTANT_CONVERSION = YES;
				CLANG_WARN_DEPRECATED_OBJC_IMPLEMENTATIONS = YES;
				CLANG_WARN_DIRECT_OBJC_ISA_USAGE = YES_ERROR;
				CLANG_WARN_DOCUMENTATION_COMMENTS = YES;
				CLANG_WARN_EMPTY_BODY = YES;
				CLANG_WARN_ENUM_CONVERSION = YES;
				CLANG_WARN_INFINITE_RECURSION = YES;
				CLANG_WARN_INT_CONVERSION = YES;
				CLANG_WARN_NON_LITERAL_NULL_CONVERSION = YES;
				CLANG_WARN_OBJC_IMPLICIT_RETAIN_SELF = YES;
				CLANG_WARN_OBJC_LITERAL_CONVERSION = YES;
				CLANG_WARN_OBJC_ROOT_CLASS = YES_ERROR;
				CLANG_WARN_QUOTED_INCLUDE_IN_FRAMEWORK_HEADER = YES;
				CLANG_WARN_RANGE_LOOP_ANALYSIS = YES;
				CLANG_WARN_STRICT_PROTOTYPES = YES;
				CLANG_WARN_SUSPICIOUS_MOVE = YES;
				CLANG_WARN_UNGUARDED_AVAILABILITY = YES_AGGRESSIVE;
				CLANG_WARN_UNREACHABLE_CODE = YES;
				CLANG_WARN__DUPLICATE_METHOD_MATCH = YES;
				COPY_PHASE_STRIP = NO;
				DEBUG_INFORMATION_FORMAT = dwarf;
				ENABLE_STRICT_OBJC_MSGSEND = YES;
				ENABLE_TESTABILITY = YES;
				GCC_C_LANGUAGE_STANDARD = gnu11;
				GCC_DYNAMIC_NO_PIC = NO;
				GCC_NO_COMMON_BLOCKS = YES;
				GCC_OPTIMIZATION_LEVEL = 0;
				GCC_PREPROCESSOR_DEFINITIONS = (
					"DEBUG=1",
					"$(inherited)",
				);
				GCC_WARN_64_TO_32_BIT_CONVERSION = YES;
				GCC_WARN_ABOUT_RETURN_TYPE = YES_ERROR;
				GCC_WARN_UNDECLARED_SELECTOR = YES;
				GCC_WARN_UNINITIALIZED_AUTOS = YES_AGGRESSIVE;
				GCC_WARN_UNUSED_FUNCTION = YES;
				GCC_WARN_UNUSED_VARIABLE = YES;
				MACOSX_DEPLOYMENT_TARGET = 13.0;
				MTL_ENABLE_DEBUG_INFO = INCLUDE_SOURCE;
				MTL_FAST_MATH = YES;
				ONLY_ACTIVE_ARCH = YES;
				SDKROOT = macosx;
				SWIFT_ACTIVE_COMPILATION_CONDITIONS = DEBUG;
				SWIFT_OPTIMIZATION_LEVEL = "-Onone";
			};
			name = Debug;
		};
		DFF020C528E23D800025C485 /* Release */ = {
			isa = XCBuildConfiguration;
			buildSettings = {
				ALWAYS_SEARCH_USER_PATHS = NO;
				CLANG_ANALYZER_NONNULL = YES;
				CLANG_ANALYZER_NUMBER_OBJECT_CONVERSION = YES_AGGRESSIVE;
				CLANG_CXX_LANGUAGE_STANDARD = "gnu++20";
				CLANG_ENABLE_MODULES = YES;
				CLANG_ENABLE_OBJC_ARC = YES;
				CLANG_ENABLE_OBJC_WEAK = YES;
				CLANG_WARN_BLOCK_CAPTURE_AUTORELEASING = YES;
				CLANG_WARN_BOOL_CONVERSION = YES;
				CLANG_WARN_COMMA = YES;
				CLANG_WARN_CONSTANT_CONVERSION = YES;
				CLANG_WARN_DEPRECATED_OBJC_IMPLEMENTATIONS = YES;
				CLANG_WARN_DIRECT_OBJC_ISA_USAGE = YES_ERROR;
				CLANG_WARN_DOCUMENTATION_COMMENTS = YES;
				CLANG_WARN_EMPTY_BODY = YES;
				CLANG_WARN_ENUM_CONVERSION = YES;
				CLANG_WARN_INFINITE_RECURSION = YES;
				CLANG_WARN_INT_CONVERSION = YES;
				CLANG_WARN_NON_LITERAL_NULL_CONVERSION = YES;
				CLANG_WARN_OBJC_IMPLICIT_RETAIN_SELF = YES;
				CLANG_WARN_OBJC_LITERAL_CONVERSION = YES;
				CLANG_WARN_OBJC_ROOT_CLASS = YES_ERROR;
				CLANG_WARN_QUOTED_INCLUDE_IN_FRAMEWORK_HEADER = YES;
				CLANG_WARN_RANGE_LOOP_ANALYSIS = YES;
				CLANG_WARN_STRICT_PROTOTYPES = YES;
				CLANG_WARN_SUSPICIOUS_MOVE = YES;
				CLANG_WARN_UNGUARDED_AVAILABILITY = YES_AGGRESSIVE;
				CLANG_WARN_UNREACHABLE_CODE = YES;
				CLANG_WARN__DUPLICATE_METHOD_MATCH = YES;
				COPY_PHASE_STRIP = NO;
				DEBUG_INFORMATION_FORMAT = "dwarf-with-dsym";
				ENABLE_NS_ASSERTIONS = NO;
				ENABLE_STRICT_OBJC_MSGSEND = YES;
				GCC_C_LANGUAGE_STANDARD = gnu11;
				GCC_NO_COMMON_BLOCKS = YES;
				GCC_WARN_64_TO_32_BIT_CONVERSION = YES;
				GCC_WARN_ABOUT_RETURN_TYPE = YES_ERROR;
				GCC_WARN_UNDECLARED_SELECTOR = YES;
				GCC_WARN_UNINITIALIZED_AUTOS = YES_AGGRESSIVE;
				GCC_WARN_UNUSED_FUNCTION = YES;
				GCC_WARN_UNUSED_VARIABLE = YES;
				MACOSX_DEPLOYMENT_TARGET = 13.0;
				MTL_ENABLE_DEBUG_INFO = NO;
				MTL_FAST_MATH = YES;
				SDKROOT = macosx;
				SWIFT_COMPILATION_MODE = wholemodule;
				SWIFT_OPTIMIZATION_LEVEL = "-O";
			};
			name = Release;
		};
		DFF020C728E23D800025C485 /* Debug */ = {
			isa = XCBuildConfiguration;
			buildSettings = {
				ASSETCATALOG_COMPILER_APPICON_NAME = AppIcon;
				ASSETCATALOG_COMPILER_GLOBAL_ACCENT_COLOR_NAME = AccentColor;
				CODE_SIGN_ENTITLEMENTS = VideoPlayer/VideoPlayer.entitlements;
				CODE_SIGN_STYLE = Automatic;
				COMBINE_HIDPI_IMAGES = YES;
				CURRENT_PROJECT_VERSION = 1;
				DEVELOPMENT_ASSET_PATHS = "\"VideoPlayer/Preview Content\"";
				DEVELOPMENT_TEAM = 7Z2WHPKU8W;
				ENABLE_HARDENED_RUNTIME = YES;
				ENABLE_PREVIEWS = YES;
				GENERATE_INFOPLIST_FILE = YES;
				INFOPLIST_KEY_NSHumanReadableCopyright = "";
				LD_RUNPATH_SEARCH_PATHS = (
					"$(inherited)",
					"@executable_path/../Frameworks",
				);
				MARKETING_VERSION = 1.0;
				PRODUCT_BUNDLE_IDENTIFIER = com.levochka.VideoPlayer;
				PRODUCT_NAME = "$(TARGET_NAME)";
				SWIFT_EMIT_LOC_STRINGS = YES;
				SWIFT_VERSION = 5.0;
			};
			name = Debug;
		};
		DFF020C828E23D800025C485 /* Release */ = {
			isa = XCBuildConfiguration;
			buildSettings = {
				ASSETCATALOG_COMPILER_APPICON_NAME = AppIcon;
				ASSETCATALOG_COMPILER_GLOBAL_ACCENT_COLOR_NAME = AccentColor;
				CODE_SIGN_ENTITLEMENTS = VideoPlayer/VideoPlayer.entitlements;
				CODE_SIGN_STYLE = Automatic;
				COMBINE_HIDPI_IMAGES = YES;
				CURRENT_PROJECT_VERSION = 1;
				DEVELOPMENT_ASSET_PATHS = "\"VideoPlayer/Preview Content\"";
				DEVELOPMENT_TEAM = 7Z2WHPKU8W;
				ENABLE_HARDENED_RUNTIME = YES;
				ENABLE_PREVIEWS = YES;
				GENERATE_INFOPLIST_FILE = YES;
				INFOPLIST_KEY_NSHumanReadableCopyright = "";
				LD_RUNPATH_SEARCH_PATHS = (
					"$(inherited)",
					"@executable_path/../Frameworks",
				);
				MARKETING_VERSION = 1.0;
				PRODUCT_BUNDLE_IDENTIFIER = com.levochka.VideoPlayer;
				PRODUCT_NAME = "$(TARGET_NAME)";
				SWIFT_EMIT_LOC_STRINGS = YES;
				SWIFT_VERSION = 5.0;
			};
			name = Release;
		};
/* End XCBuildConfiguration section */

/* Begin XCConfigurationList section */
		DFF020B228E23D7F0025C485 /* Build configuration list for PBXProject "VideoPlayer" */ = {
			isa = XCConfigurationList;
			buildConfigurations = (
				DFF020C428E23D800025C485 /* Debug */,
				DFF020C528E23D800025C485 /* Release */,
			);
			defaultConfigurationIsVisible = 0;
			defaultConfigurationName = Release;
		};
		DFF020C628E23D800025C485 /* Build configuration list for PBXNativeTarget "VideoPlayer" */ = {
			isa = XCConfigurationList;
			buildConfigurations = (
				DFF020C728E23D800025C485 /* Debug */,
				DFF020C828E23D800025C485 /* Release */,
			);
			defaultConfigurationIsVisible = 0;
			defaultConfigurationName = Release;
		};
/* End XCConfigurationList section */

/* Begin XCRemoteSwiftPackageReference section */
		DF3B66E728EB0294005DBFE6 /* XCRemoteSwiftPackageReference "SwiftUIKeyPress" */ = {
			isa = XCRemoteSwiftPackageReference;
			repositoryURL = "https://github.com/underthestars-zhy/SwiftUIKeyPress";
			requirement = {
				branch = main;
				kind = branch;
			};
		};
/* End XCRemoteSwiftPackageReference section */

/* Begin XCSwiftPackageProductDependency section */
		DF3B66E828EB0294005DBFE6 /* SwiftUIKeyPress */ = {
			isa = XCSwiftPackageProductDependency;
			package = DF3B66E728EB0294005DBFE6 /* XCRemoteSwiftPackageReference "SwiftUIKeyPress" */;
			productName = SwiftUIKeyPress;
		};
/* End XCSwiftPackageProductDependency section */
	};
	rootObject = DFF020AF28E23D7F0025C485 /* Project object */;
}
